lockfileVersion: '9.0'

settings:
  autoInstallPeers: false
  excludeLinksFromLockfile: false

importers:

  .:
    dependencies:
      '@shinon/better-errors':
        specifier: link:../../packages/better-errors
        version: link:../../packages/better-errors
      '@shinon/core':
        specifier: link:../../packages/core
        version: link:../../packages/core
      '@shinon/dashboard':
        specifier: link:../../packages/dashboard
        version: link:../../packages/dashboard
      '@shinon/events':
        specifier: link:../../packages/events
        version: link:../../packages/events
      '@shinon/locale-de':
        specifier: link:../../packages/locale-de
        version: link:../../packages/locale-de
      '@shinon/persona':
        specifier: link:../../packages/persona
        version: link:../../packages/persona
      '@shinon/token-usage':
        specifier: link:../../packages/token-usage
        version: link:../../packages/token-usage
      '@shinon/tooltip':
        specifier: link:../../packages/tooltip
        version: link:../../packages/tooltip
